
Microsoft Visual Studio Solution File, Format Version 12.00
# Visual Studio Version 17
VisualStudioVersion = 17.11.35208.52
MinimumVisualStudioVersion = 10.0.40219.1
Project("{FAE04EC0-301F-11D3-BF4B-00C04F79EFBC}") = "Methods", "Methods\Methods.csproj", "{5F97B59D-653C-40D2-9CA4-5E3742B16558}"
EndProject
Global
	GlobalSection(SolutionConfigurationPlatforms) = preSolution
		Debug|Any CPU = Debug|Any CPU
		Release|Any CPU = Release|Any CPU
	EndGlobalSection
	GlobalSection(ProjectConfigurationPlatforms) = postSolution
		{5F97B59D-653C-40D2-9CA4-5E3742B16558}.Debug|Any CPU.ActiveCfg = Debug|Any CPU
		{5F97B59D-653C-40D2-9CA4-5E3742B16558}.Debug|Any CPU.Build.0 = Debug|Any CPU
		{5F97B59D-653C-40D2-9CA4-5E3742B16558}.Release|Any CPU.ActiveCfg = Release|Any CPU
		{5F97B59D-653C-40D2-9CA4-5E3742B16558}.Release|Any CPU.Build.0 = Release|Any CPU
	EndGlobalSection
	GlobalSection(SolutionProperties) = preSolution
		HideSolutionNode = FALSE
	EndGlobalSection
	GlobalSection(ExtensibilityGlobals) = postSolution
		SolutionGuid = {3D83CC72-4D2F-4486-897E-7F5CC80FD87F}
	EndGlobalSection
EndGlobal
